{
  "name": "ergis-accounting-app",
  "lockfileVersion": 3,
  "requires": true,
  "packages": {
    "": {
      "dependencies": {
        "@ardium-ui/devkit": "^1.0.2"
      }
    },
    "node_modules/@angular/common": {
      "version": "17.0.7",
      "resolved": "https://registry.npmjs.org/@angular/common/-/common-17.0.7.tgz",
      "integrity": "sha512-bPPL6x0KOAOTxKSE2j4EWmEUOnqZYzOYiHzroa5b9UEyA9NvGkd9bm3zIxw8xcndRj1Ehcmvpi6KBLcYBBbWfg==",
      "peer": true,
      "dependencies": {
        "tslib": "^2.3.0"
      },
      "engines": {
        "node": "^18.13.0 || >=20.9.0"
      },
      "peerDependencies": {
        "@angular/core": "17.0.7",
        "rxjs": "^6.5.3 || ^7.4.0"
      }
    },
    "node_modules/@angular/core": {
      "version": "17.0.7",
      "resolved": "https://registry.npmjs.org/@angular/core/-/core-17.0.7.tgz",
      "integrity": "sha512-mEkelXkzEi6+A9GjdKOSGGzQAfo1iAjVTn6YsplNUeGE5JgDZYZ7sXGQqs0Lin7dzJxnPAgGjCOl7SpWLXIPSQ==",
      "peer": true,
      "dependencies": {
        "tslib": "^2.3.0"
      },
      "engines": {
        "node": "^18.13.0 || >=20.9.0"
      },
      "peerDependencies": {
        "rxjs": "^6.5.3 || ^7.4.0",
        "zone.js": "~0.14.0"
      }
    },
    "node_modules/@ardium-ui/devkit": {
      "version": "1.0.2",
      "resolved": "https://registry.npmjs.org/@ardium-ui/devkit/-/devkit-1.0.2.tgz",
      "integrity": "sha512-S4yLnWR/VKTAMXIj7ey6gx5FrD69Xf/sfycL0uZ57mniTnDMNhHVQDwY7VS0MTU+HBbSkOwyUSN4Y+awS7NlUw==",
      "dependencies": {
        "tslib": "^2.3.0"
      },
      "peerDependencies": {
        "@angular/common": "^17.0.7",
        "@angular/core": "^17.0.7",
        "key-display-names": "^1.2.0",
        "more-rounding": "^4.1.2",
        "string-similarity": "^4.0.4"
      }
    },
    "node_modules/key-display-names": {
      "version": "1.2.0",
      "resolved": "https://registry.npmjs.org/key-display-names/-/key-display-names-1.2.0.tgz",
      "integrity": "sha512-aDBBloOEgjGEKLmQWJn2W0lWa8FIo6/PH/ySEjC2TIOOeFd3ul111cbo8XTeffMdvvjvAI4dtRR9vFJRaSXVaA==",
      "peer": true
    },
    "node_modules/more-rounding": {
      "version": "4.1.2",
      "resolved": "https://registry.npmjs.org/more-rounding/-/more-rounding-4.1.2.tgz",
      "integrity": "sha512-amODOqlJGU+Pe9AH/tf0Ty0MK51mFgm9fWgyA44xv9k+9SUH9Xa9vpwCIntV31lRRIJNXBsT8m290EJ3FB+gBQ==",
      "peer": true
    },
    "node_modules/rxjs": {
      "version": "7.8.1",
      "resolved": "https://registry.npmjs.org/rxjs/-/rxjs-7.8.1.tgz",
      "integrity": "sha512-AA3TVj+0A2iuIoQkWEK/tqFjBq2j+6PO6Y0zJcvzLAFhEFIO3HL0vls9hWLncZbAAbK0mar7oZ4V079I/qPMxg==",
      "peer": true,
      "dependencies": {
        "tslib": "^2.1.0"
      }
    },
    "node_modules/string-similarity": {
      "version": "4.0.4",
      "resolved": "https://registry.npmjs.org/string-similarity/-/string-similarity-4.0.4.tgz",
      "integrity": "sha512-/q/8Q4Bl4ZKAPjj8WerIBJWALKkaPRfrvhfF8k/B23i4nzrlRj2/go1m90In7nG/3XDSbOo0+pu6RvCTM9RGMQ==",
      "deprecated": "Package no longer supported. Contact Support at https://www.npmjs.com/support for more info.",
      "peer": true
    },
    "node_modules/tslib": {
      "version": "2.6.2",
      "resolved": "https://registry.npmjs.org/tslib/-/tslib-2.6.2.tgz",
      "integrity": "sha512-AEYxH93jGFPn/a2iVAwW87VuUIkR1FVUKB77NwMF7nBTDkDrrT/Hpt/IrCJ0QXhW27jTBDcf5ZY7w6RiqTMw2Q=="
    },
    "node_modules/zone.js": {
      "version": "0.14.2",
      "resolved": "https://registry.npmjs.org/zone.js/-/zone.js-0.14.2.tgz",
      "integrity": "sha512-X4U7J1isDhoOmHmFWiLhloWc2lzMkdnumtfQ1LXzf/IOZp5NQYuMUTaviVzG/q1ugMBIXzin2AqeVJUoSEkNyQ==",
      "peer": true,
      "dependencies": {
        "tslib": "^2.3.0"
      }
    }
  }
}
